dependencies:
- name: postgresql
  repository: https://charts.bitnami.com/bitnami
  version: 12.5.6
- name: redis
  repository: https://charts.bitnami.com/bitnami
  version: 16.13.2
- name: weaviate
  repository: file://charts/weaviate
  version: 16.1.0
digest: sha256:4bf877963bb1009d8bc14f6ca67e9fce692cd6f8d3ae1e5c198fa2018f32bc4a
generated: "2025-10-29T13:51:02.988059+08:00"
